{
  "nodes": {
    "nixos-hardware": {
      "locked": {
        "lastModified": 1734352517,
        "narHash": "sha256-mfv+J/vO4nqmIOlq8Y1rRW8hVsGH3M+I2ESMjhuebDs=",
        "owner": "nixos",
        "repo": "nixos-hardware",
        "rev": "b12e314726a4226298fe82776b4baeaa7bcf3dcd",
        "type": "github"
      },
      "original": {
        "owner": "nixos",
        "repo": "nixos-hardware",
        "type": "github"
      }
    },
    "nixpkgs": {
      "locked": {
        "lastModified": 1734323986,
        "narHash": "sha256-m/lh6hYMIWDYHCAsn81CDAiXoT3gmxXI9J987W5tZrE=",
        "owner": "nixos",
        "repo": "nixpkgs",
        "rev": "394571358ce82dff7411395829aa6a3aad45b907",
        "type": "github"
      },
      "original": {
        "owner": "nixos",
        "ref": "nixos-24.11",
        "repo": "nixpkgs",
        "type": "github"
      }
    },
    "nixpkgs-scan": {
      "locked": {
        "lastModified": 1640351145,
        "narHash": "sha256-6pywdrslxdIFWy7thnPEyxp2RWSiLyOzSL0tUnEa22A=",
        "owner": "nixos",
        "repo": "nixpkgs",
        "rev": "bf3c55095633ed6d504b10e3612e30a9a72fcb6e",
        "type": "github"
      },
      "original": {
        "owner": "nixos",
        "repo": "nixpkgs",
        "rev": "bf3c55095633ed6d504b10e3612e30a9a72fcb6e",
        "type": "github"
      }
    },
    "nixpkgs-unstable": {
      "locked": {
        "lastModified": 1735776725,
        "narHash": "sha256-79B9bfMHIEtCN0nMFZGJpzgUtdE39JaHQscoKN9HOKg=",
        "owner": "nixos",
        "repo": "nixpkgs",
        "rev": "e4f449ab51a283676d3b520c3dbaa3eafa5025b4",
        "type": "github"
      },
      "original": {
        "owner": "nixos",
        "ref": "master",
        "repo": "nixpkgs",
        "type": "github"
      }
    },
    "root": {
      "inputs": {
        "nixos-hardware": "nixos-hardware",
        "nixpkgs": "nixpkgs",
        "nixpkgs-scan": "nixpkgs-scan",
        "nixpkgs-unstable": "nixpkgs-unstable"
      }
    }
  },
  "root": "root",
  "version": 7
}
